
Microsoft Visual Studio Solution File, Format Version 12.00
Project("{FAE04EC0-301F-11D3-BF4B-00C04F79EFBC}") = "SportShop", "SportShop\SportShop.csproj", "{B30B04B9-A288-41AD-8837-E2304896889C}"
EndProject
Global
	GlobalSection(SolutionConfigurationPlatforms) = preSolution
		Debug|Any CPU = Debug|Any CPU
		Release|Any CPU = Release|Any CPU
	EndGlobalSection
	GlobalSection(ProjectConfigurationPlatforms) = postSolution
		{B30B04B9-A288-41AD-8837-E2304896889C}.Debug|Any CPU.ActiveCfg = Debug|Any CPU
		{B30B04B9-A288-41AD-8837-E2304896889C}.Debug|Any CPU.Build.0 = Debug|Any CPU
		{B30B04B9-A288-41AD-8837-E2304896889C}.Release|Any CPU.ActiveCfg = Release|Any CPU
		{B30B04B9-A288-41AD-8837-E2304896889C}.Release|Any CPU.Build.0 = Release|Any CPU
	EndGlobalSection
EndGlobal
